{
  "name": "wechat-aibot",
  "version": "2.5.1",
  "lockfileVersion": 3,
  "requires": true,
  "packages": {
    "": {
      "name": "wechat-aibot",
      "version": "2.5.1",
      "license": "MIT",
      "dependencies": {
        "qrcode-terminal": "^0.12.0",
        "silk-wasm": "^3.7.1"
      },
      "engines": {
        "node": ">=22"
      }
    },
    "node_modules/qrcode-terminal": {
      "version": "0.12.0",
      "resolved": "https://registry.npmjs.org/qrcode-terminal/-/qrcode-terminal-0.12.0.tgz",
      "integrity": "sha512-EXtzRZmC+YGmGlDFbXKxQiMZNwCLEO6BANKXG4iCtSIM0yqc/pappSx3RIKr4r0uh5JsBckOXeKrB3Iz7mdQpQ==",
      "bin": {
        "qrcode-terminal": "bin/qrcode-terminal.js"
      }
    },
    "node_modules/silk-wasm": {
      "version": "3.7.1",
      "resolved": "https://registry.npmjs.org/silk-wasm/-/silk-wasm-3.7.1.tgz",
      "integrity": "sha512-mXPwLRtZxrYV3TZx41jMAeKc80wvmyrcXIcs8HctFxK15Ahz2OJQENYhNgEPeCEOdI6Mbx1NxQsqxzwc3DKerw==",
      "license": "MIT",
      "engines": {
        "node": ">=16.11.0"
      }
    }
  }
}
